
Microsoft Visual Studio Solution File, Format Version 12.00
# Visual Studio Version 17
VisualStudioVersion = 17.9.34701.34
MinimumVisualStudioVersion = 10.0.40219.1
Project("{FAE04EC0-301F-11D3-BF4B-00C04F79EFBC}") = "Chapter3 예제2", "Chapter3 예제2.csproj", "{C5FDD3F0-D229-4322-AD0B-86A52C51B7CE}"
EndProject
Global
	GlobalSection(SolutionConfigurationPlatforms) = preSolution
		Debug|Any CPU = Debug|Any CPU
		Release|Any CPU = Release|Any CPU
	EndGlobalSection
	GlobalSection(ProjectConfigurationPlatforms) = postSolution
		{C5FDD3F0-D229-4322-AD0B-86A52C51B7CE}.Debug|Any CPU.ActiveCfg = Debug|Any CPU
		{C5FDD3F0-D229-4322-AD0B-86A52C51B7CE}.Debug|Any CPU.Build.0 = Debug|Any CPU
		{C5FDD3F0-D229-4322-AD0B-86A52C51B7CE}.Release|Any CPU.ActiveCfg = Release|Any CPU
		{C5FDD3F0-D229-4322-AD0B-86A52C51B7CE}.Release|Any CPU.Build.0 = Release|Any CPU
	EndGlobalSection
	GlobalSection(SolutionProperties) = preSolution
		HideSolutionNode = FALSE
	EndGlobalSection
	GlobalSection(ExtensibilityGlobals) = postSolution
		SolutionGuid = {D72151E3-1928-48EF-89C6-31480EBCFDE0}
	EndGlobalSection
EndGlobal
